
Microsoft Visual Studio Solution File, Format Version 12.00
# Visual Studio Version 16
VisualStudioVersion = 16.0.32602.291
MinimumVisualStudioVersion = 10.0.40219.1
Project("{FAE04EC0-301F-11D3-BF4B-00C04F79EFBC}") = "Calendar Management System", "Calendar Management System.csproj", "{01839995-0C27-43FF-8640-6BE02B355C8F}"
EndProject
Global
	GlobalSection(SolutionConfigurationPlatforms) = preSolution
		Debug|Any CPU = Debug|Any CPU
		Release|Any CPU = Release|Any CPU
	EndGlobalSection
	GlobalSection(ProjectConfigurationPlatforms) = postSolution
		{01839995-0C27-43FF-8640-6BE02B355C8F}.Debug|Any CPU.ActiveCfg = Debug|Any CPU
		{01839995-0C27-43FF-8640-6BE02B355C8F}.Debug|Any CPU.Build.0 = Debug|Any CPU
		{01839995-0C27-43FF-8640-6BE02B355C8F}.Release|Any CPU.ActiveCfg = Release|Any CPU
		{01839995-0C27-43FF-8640-6BE02B355C8F}.Release|Any CPU.Build.0 = Release|Any CPU
	EndGlobalSection
	GlobalSection(SolutionProperties) = preSolution
		HideSolutionNode = FALSE
	EndGlobalSection
	GlobalSection(ExtensibilityGlobals) = postSolution
		SolutionGuid = {335DA2E4-9F08-4E0D-9E3F-C5694A09FF73}
	EndGlobalSection
EndGlobal
